github.com/Azure/azure-sdk-for-go/sdk/azcore v1.18.0 h1:Gt0j3wceWMwPmiazCa8MzMA0MfhmPIz0Qp0FJ6qcM0U=
github.com/Azure/azure-sdk-for-go/sdk/azcore v1.18.0/go.mod h1:Ot/6aikWnKWi4l9QB7qVSwa8iMphQNqkWALMoNT3rzM=
github.com/Azure/azure-sdk-for-go/sdk/azidentity v1.9.0 h1:OVoM452qUFBrX+URdH3VpR299ma4kfom0yB0URYky9g=
github.com/Azure/azure-sdk-for-go/sdk/azidentity v1.9.0/go.mod h1:kUjrAo8bgEwLeZ/CmHqNl3Z/kPm7y6FKfxxK0izYUg4=
github.com/Azure/azure-sdk-for-go/sdk/azidentity/cache v0.3.2 h1:yz1bePFlP5Vws5+8ez6T3HWXPmwOK7Yvq8QxDBD3SKY=
github.com/Azure/azure-sdk-for-go/sdk/azidentity/cache v0.3.2/go.mod h1:Pa9ZNPuoNu/GztvBSKk9J1cDJW6vk/n0zLtV4mgd8N8=
github.com/Azure/azure-sdk-for-go/sdk/internal v1.11.1 h1:FPKJS1T+clwv+OLGt13a8UjqeRuh0O4SJ3lUriThc+4=
github.com/Azure/azure-sdk-for-go/sdk/internal v1.11.1/go.mod h1:j2chePtV91HrC22tGoRX3sGY42uF13WzmmV80/OdVAA=
github.com/Azure/azure-sdk-for-go/sdk/resourcemanager/alertsmanagement/armalertsmanagement v0.10.0 h1:zSc/9W0WKtH/qpFlN1K2pQjMJLMTMJpWyexdjtexHtA=
github.com/Azure/azure-sdk-for-go/sdk/resourcemanager/alertsmanagement/armalertsmanagement v0.10.0/go.mod h1:AQQcirAE2A3+knMh7Voguwx+0txBqeDBaWu+ML1aMSc=
github.com/Azure/azure-sdk-for-go/sdk/resourcemanager/apimanagement/armapimanagement/v3 v3.0.0 h1:5aCs3yc/Ftlv/Le+Dr0P+oOuo/clB6fsfFwrm+DbNms=
github.com/Azure/azure-sdk-for-go/sdk/resourcemanager/apimanagement/armapimanagement/v3 v3.0.0/go.mod h1:4/JvtEOgU0r2lkVz8BImrFd0e7ZNQ74x+3k9swJzSmc=
github.com/Azure/azure-sdk-for-go/sdk/resourcemanager/appcontainers/armappcontainers/v3 v3.1.0 h1:ilMZ576u8sm975EqV+AKEtD4u9TLwqEo2XY9csPXBRo=
github.com/Azure/azure-sdk-for-go/sdk/resourcemanager/appcontainers/armappcontainers/v3 v3.1.0/go.mod h1:LGhzy+pg9AKr1Z7ZRyTC1qr1xNyVqLsqydvLdY+2iQk=
github.com/Azure/azure-sdk-for-go/sdk/resourcemanager/applicationinsights/armapplicationinsights v1.2.0 h1:7FX6sHNPamIAyukt6w9Gw5Qa5bu+gVN2Iy70yHc0xns=
github.com/Azure/azure-sdk-for-go/sdk/resourcemanager/applicationinsights/armapplicationinsights v1.2.0/go.mod h1:S7Ss6Rm0nlKDRHKrO9eL2Be5EnX29Z09CNPWgK7o4+I=
github.com/Azure/azure-sdk-for-go/sdk/resourcemanager/appplatform/armappplatform/v2 v2.0.0 h1:2YOdVbvqpAejYX2T8wlEh1kdS+r5mgQVV+9bSSnRU+M=
github.com/Azure/azure-sdk-for-go/sdk/resourcemanager/appplatform/armappplatform/v2 v2.0.0/go.mod h1:hLe8JXoHeYF+ZjF/6VV7lRfQzTV/hwW4YSdhcNuuen0=
github.com/Azure/azure-sdk-for-go/sdk/resourcemanager/appservice/armappservice/v4 v4.1.0 h1:dZurN2OdkxAZlaNw6cjEvo7uOonGFErtqQtos0RDl5Q=
github.com/Azure/azure-sdk-for-go/sdk/resourcemanager/appservice/armappservice/v4 v4.1.0/go.mod h1:/Qjzbz3yeXizRgrwP1lbwBIYYsAuMfDRWN0P5YbYgBM=
github.com/Azure/azure-sdk-for-go/sdk/resourcemanager/automation/armautomation v0.9.0 h1:pzgp0VZDAnmgAkUPeedW1dTd7v3kSrwxFNabFAzB158=
github.com/Azure/azure-sdk-for-go/sdk/resourcemanager/automation/armautomation v0.9.0/go.mod h1:RbDEpcty79BkGei2pfm6duP7QEeWlzpKSJ07XTna6+Y=
github.com/Azure/azure-sdk-for-go/sdk/resourcemanager/botservice/armbotservice v1.2.0 h1:RsM+VqnIUK6WLmKjIA0tbcZHdjoq9sVKaPTT4RrlnWs=
github.com/Azure/azure-sdk-for-go/sdk/resourcemanager/botservice/armbotservice v1.2.0/go.mod h1:d7OLd8MIV32CmujSnOFkT7R5N0YsV5qVI+WnKHzQujQ=
github.com/Azure/azure-sdk-for-go/sdk/resourcemanager/cdn/armcdn/v2 v2.2.0 h1:kkGnUaUolPw/VHvs15u2Dhep8t+CKNOD/pCsusVARoI=
github.com/Azure/azure-sdk-for-go/sdk/resourcemanager/cdn/armcdn/v2 v2.2.0/go.mod h1:pVreHmvznJ/D5Aqr8ZRO0UQx6VXJi84b7oYl0BgrWVo=
github.com/Azure/azure-sdk-for-go/sdk/resourcemanager/cognitiveservices/armcognitiveservices v1.7.0 h1:4exaC92+n1FzhSKb5Ghino2XEk3cClUtzvveL1U9YeM=
github.com/Azure/azure-sdk-for-go/sdk/resourcemanager/cognitiveservices/armcognitiveservices v1.7.0/go.mod h1:BkhZrH3JiVTkrTqCeYHOmqReFcZTYEMf8jcFDlrCJLk=
github.com/Azure/azure-sdk-for-go/sdk/resourcemanager/compute/armcompute/v5 v5.7.0 h1:LkHbJbgF3YyvC53aqYGR+wWQDn2Rdp9AQdGndf9QvY4=
github.com/Azure/azure-sdk-for-go/sdk/resourcemanager/compute/armcompute/v5 v5.7.0/go.mod h1:QyiQdW4f4/BIfB8ZutZ2s+28RAgfa/pT+zS++ZHyM1I=
github.com/Azure/azure-sdk-for-go/sdk/resourcemanager/costmanagement/armcostmanagement/v2 v2.1.0 h1:8+KuY4N/1QSlGCsAFnSLs9iLcSYirbyeDDhd6MD9a9c=
github.com/Azure/azure-sdk-for-go/sdk/resourcemanager/costmanagement/armcostmanagement/v2 v2.1.0/go.mod h1:pttKQoqOdBOfgSUaztac9Mk1ZK0SiZhyW9VQPKkW/7s=
github.com/Azure/azure-sdk-for-go/sdk/resourcemanager/datafactory/armdatafactory/v7 v7.0.0 h1:0kFVoHWNRGJE5N8dAaSkMaFGp1UhO43ICeZJFcLxHJI=
github.com/Azure/azure-sdk-for-go/sdk/resourcemanager/datafactory/armdatafactory/v7 v7.0.0/go.mod h1:7HeBNl53VshGDi84AM31jBKzkTyS6tVzYQ0mdrnQib0=
github.com/Azure/azure-sdk-for-go/sdk/resourcemanager/dataprotection/armdataprotection/v3 v3.1.0 h1:Yj6NV1y8Deg7leXETiM9gJ+peM9DxhLR3GmppUSH+a0=
github.com/Azure/azure-sdk-for-go/sdk/resourcemanager/dataprotection/armdataprotection/v3 v3.1.0/go.mod h1:4lNPcTKG4Zgad7aiZBmvLfIMX47eqr5BFzDjC4zggKU=
github.com/Azure/azure-sdk-for-go/sdk/resourcemanager/datashare/armdatashare v1.2.0 h1:5iPF3EaGy/cFiImQvKQFC8SbceEjFLYB4aLoFO1/WN8=
github.com/Azure/azure-sdk-for-go/sdk/resourcemanager/datashare/armdatashare v1.2.0/go.mod h1:yFddSyk5uaKMqOtoqjfdjZM1/lEnsc3btormisxwdAM=
github.com/Azure/azure-sdk-for-go/sdk/resourcemanager/desktopvirtualization/armdesktopvirtualization/v2 v2.3.0 h1:58Pq8MyJ4hT2rkkSaZ7gS25+Q1YdsNn+3nuAt+Sg0Yc=
github.com/Azure/azure-sdk-for-go/sdk/resourcemanager/desktopvirtualization/armdesktopvirtualization/v2 v2.3.0/go.mod h1:awlKdgQzRV48H2/m3VEhHQrHwqRpLqDEVkz4LvSgTEc=
github.com/Azure/azure-sdk-for-go/sdk/resourcemanager/devtestlabs/armdevtestlabs v1.2.0 h1:y8lZ96aehjdOLj9cyMYaSe+E/WdKD7cgY1jm/b6PrcQ=
github.com/Azure/azure-sdk-for-go/sdk/resourcemanager/devtestlabs/armdevtestlabs v1.2.0/go.mod h1:flt9Jc9/VQYy/rJymy+NwsObqvrrc6iLY6LlUPxLSuI=
github.com/Azure/azure-sdk-for-go/sdk/resourcemanager/digitaltwins/armdigitaltwins v1.2.0 h1:GD96b78rv9jhShcYcJauisgqyXBFgEaTAvUMaPiFl9w=
github.com/Azure/azure-sdk-for-go/sdk/resourcemanager/digitaltwins/armdigitaltwins v1.2.0/go.mod h1:ESqbgba0Fl1eop2bwoJ84Vmh+d093eDrYK2TdR9bKEM=
github.com/Azure/azure-sdk-for-go/sdk/resourcemanager/domainservices/armdomainservices v1.2.0 h1:JKoVKtCdEDYzQpKQJjFcHlImrZ3dDUNRCy8izcKWgCo=
github.com/Azure/azure-sdk-for-go/sdk/resourcemanager/domainservices/armdomainservices v1.2.0/go.mod h1:0qixQ1wRIrN0LxhKbkzR7kRIDu1jbNvotTvF8pN/Vss=
github.com/Azure/azure-sdk-for-go/sdk/resourcemanager/frontdoor/armfrontdoor v1.4.0 h1:dz5II+dFuMkrdpIkO9f/Ht3f8hnRUURiQdLj1hwKO5Q=
github.com/Azure/azure-sdk-for-go/sdk/resourcemanager/frontdoor/armfrontdoor v1.4.0/go.mod h1:0tuwjeZbMwLV7h1bcyfTlnXUH6GBKkPml8ukX6EoS3o=
github.com/Azure/azure-sdk-for-go/sdk/resourcemanager/hdinsight/armhdinsight v1.2.0 h1:jyICffWo5qt7iFHCMEOtt5HfByBcQGAxp3WLz56nbxc=
github.com/Azure/azure-sdk-for-go/sdk/resourcemanager/hdinsight/armhdinsight v1.2.0/go.mod h1:skx0SS3je4jPa5KT5Ckf3tmmwWzMZ46nl1l6xTdxOGE=
github.com/Azure/azure-sdk-for-go/sdk/resourcemanager/hybridkubernetes/armhybridkubernetes v1.2.0 h1:Mv/bQNTqVb4WxLuyc0GpeTwMZEJLyjP1+fqR3x4KdZA=
github.com/Azure/azure-sdk-for-go/sdk/resourcemanager/hybridkubernetes/armhybridkubernetes v1.2.0/go.mod h1:t1IEI21/6k/UmAXRIRy3E7tgpC2zbeyd9H3qk1EY5JA=
github.com/Azure/azure-sdk-for-go/sdk/resourcemanager/internal/v2 v2.0.0 h1:PTFGRSlMKCQelWwxUyYVEUqseBJVemLyqWJjvMyt0do=
github.com/Azure/azure-sdk-for-go/sdk/resourcemanager/internal/v2 v2.0.0/go.mod h1:LRr2FzBTQlONPPa5HREE5+RjSCTXl7BwOvYOaWTqCaI=
github.com/Azure/azure-sdk-for-go/sdk/resourcemanager/internal/v3 v3.1.0 h1:2qsIIvxVT+uE6yrNldntJKlLRgxGbZ85kgtz5SNBhMw=
github.com/Azure/azure-sdk-for-go/sdk/resourcemanager/internal/v3 v3.1.0/go.mod h1:AW8VEadnhw9xox+VaVd9sP7NjzOAnaZBLRH6Tq3cJ38=
github.com/Azure/azure-sdk-for-go/sdk/resourcemanager/iothub/armiothub v1.3.0 h1:NZP+oPbAVFy7PhQ4PTD3SuGWbEziNhp7lphGkkN707s=
github.com/Azure/azure-sdk-for-go/sdk/resourcemanager/iothub/armiothub v1.3.0/go.mod h1:djbLk3ngutFfQ9fSOM29UzywAkcBI1YUsuUnxTQGsqU=
github.com/Azure/azure-sdk-for-go/sdk/resourcemanager/keyvault/armkeyvault v1.5.0 h1:nnQ9vXH039UrEFxi08pPuZBE7VfqSJt343uJLw0rhWI=
github.com/Azure/azure-sdk-for-go/sdk/resourcemanager/keyvault/armkeyvault v1.5.0/go.mod h1:4YIVtzMFVsPwBvitCDX7J9sqthSj43QD1sP6fYc1egc=
github.com/Azure/azure-sdk-for-go/sdk/resourcemanager/kusto/armkusto/v2 v2.3.0 h1:5kp5bmJwJuF0HTsPUxRWRy44FxEatQAhv03nYdjXJ3s=
github.com/Azure/azure-sdk-for-go/sdk/resourcemanager/kusto/armkusto/v2 v2.3.0/go.mod h1:ULnv9Hl5nSpzNHHqJ3xX0kIZp5ZyLcLGHdXNQ8RwIk4=
github.com/Azure/azure-sdk-for-go/sdk/resourcemanager/logic/armlogic v1.2.0 h1:EMNgS+pCj2/2LL7+nWG8zPf9sp4u8icP5FNwoBhyc8M=
github.com/Azure/azure-sdk-for-go/sdk/resourcemanager/logic/armlogic v1.2.0/go.mod h1:TsM36SmGxYC24DiOTR9wPuBj5HYphihMC6xlnX536bE=
github.com/Azure/azure-sdk-for-go/sdk/resourcemanager/machinelearning/armmachinelearning/v4 v4.0.0 h1:H5ykGRBhX8CJKpB2tiRVut1DPbH7BnYKQ+orFTD7+JY=
github.com/Azure/azure-sdk-for-go/sdk/resourcemanager/machinelearning/armmachinelearning/v4 v4.0.0/go.mod h1:nivJvZio5SHpEASAk8LKIueqs7zEHU+iRLKWbx3Xi10=
github.com/Azure/azure-sdk-for-go/sdk/resourcemanager/msi/armmsi v0.6.0 h1:zSHpZY39hfFpVNixDoFOUeLwBBX0SIRe32HaWg03R8k=
github.com/Azure/azure-sdk-for-go/sdk/resourcemanager/msi/armmsi v0.6.0/go.mod h1:Yu9z4VU4VeNRoZQMjAKwzXJpNAZ8SlyVg+yHyDVqvi8=
github.com/Azure/azure-sdk-for-go/sdk/resourcemanager/netapp/armnetapp/v7 v7.5.0 h1:EVUTdXtXYy2Fk4W9UukantrWmeb1Rwfqkd6X2k2HFo8=
github.com/Azure/azure-sdk-for-go/sdk/resourcemanager/netapp/armnetapp/v7 v7.5.0/go.mod h1:JA//9UWkJI1Eh6yd+VisRlPMkiFXWrsqJB2Fk+uuxLE=
github.com/Azure/azure-sdk-for-go/sdk/resourcemanager/network/armnetwork/v6 v6.2.0 h1:HYGD75g0bQ3VO/Omedm54v4LrD3B1cGImuRF3AJ5wLo=
github.com/Azure/azure-sdk-for-go/sdk/resourcemanager/network/armnetwork/v6 v6.2.0/go.mod h1:ulHyBFJOI0ONiRL4vcJTmS7rx18jQQlEPmAgo80cRdM=
github.com/Azure/azure-sdk-for-go/sdk/resourcemanager/operationalinsights/armoperationalinsights v1.2.0 h1:4FlNvfcPu7tTvOgOzXxIbZLvwvmZq1OdhQUdIa9g2N4=
github.com/Azure/azure-sdk-for-go/sdk/resourcemanager/operationalinsights/armoperationalinsights v1.2.0/go.mod h1:A4nzEXwVd5pAyneR6KOvUAo72svUc5rmCzRHhAbP6lA=
github.com/Azure/azure-sdk-for-go/sdk/resourcemanager/paloaltonetworksngfw/armpanngfw v1.1.0 h1:l7R5KiDnWg6UWIPTJM6IZBEuC8Baggds4fSju8s8jsk=
github.com/Azure/azure-sdk-for-go/sdk/resourcemanager/paloaltonetworksngfw/armpanngfw v1.1.0/go.mod h1:fue9nIyAfRRmBkpwfcPfoorEeQaVzOplTtFJPtAlerE=
github.com/Azure/azure-sdk-for-go/sdk/resourcemanager/recoveryservices/armrecoveryservicesbackup/v4 v4.2.0 h1:GOtQKZTIc4/HnWIEqGqtkMHLXIlwa4GpT8BB5JGH+tc=
github.com/Azure/azure-sdk-for-go/sdk/resourcemanager/recoveryservices/armrecoveryservicesbackup/v4 v4.2.0/go.mod h1:o1BW30aoyqKYcQKAMNWs0UAkT30Z2FZzmCNo7hrGHjM=
github.com/Azure/azure-sdk-for-go/sdk/resourcemanager/recoveryservices/armrecoveryservicessiterecovery/v2 v2.4.0 h1:1/IElew5rgk1/rYC3Cftd/c3xRsZS1mil7IMNQ0E1Dk=
github.com/Azure/azure-sdk-for-go/sdk/resourcemanager/recoveryservices/armrecoveryservicessiterecovery/v2 v2.4.0/go.mod h1:4gac/7LcHn+eBJVG/uOtieALAej7WZc3IpzVRqmlovk=
github.com/Azure/azure-sdk-for-go/sdk/resourcemanager/resources/armdeploymentscripts v1.0.0 h1:qd/BfXBy0s/cPn/hVVX+Ps0HolpC1NsHE2p+L2zB4C4=
github.com/Azure/azure-sdk-for-go/sdk/resourcemanager/resources/armdeploymentscripts v1.0.0/go.mod h1:P1SgXux7JvaLh0fwpYwtY2csL+RYAc033mNha1Txlm8=
github.com/Azure/azure-sdk-for-go/sdk/resourcemanager/resources/armdeploymentscripts/v2 v2.1.0 h1:7ecO0WTi0f+PkUxx+aiVV47fWlEvnWK5U/ugVIkA2AI=
github.com/Azure/azure-sdk-for-go/sdk/resourcemanager/resources/armdeploymentscripts/v2 v2.1.0/go.mod h1:Z/L21GxAYPs0rxPumw2mwazreYusXZhTwJGtEy0PB9A=
github.com/Azure/azure-sdk-for-go/sdk/resourcemanager/resources/armresources v1.2.0 h1:Dd+RhdJn0OTtVGaeDLZpcumkIVCtA/3/Fo42+eoYvVM=
github.com/Azure/azure-sdk-for-go/sdk/resourcemanager/resources/armresources v1.2.0/go.mod h1:5kakwfW5CjC9KK+Q4wjXAg+ShuIm2mBMua0ZFj2C8PE=
github.com/Azure/azure-sdk-for-go/sdk/resourcemanager/securityinsights/armsecurityinsights/v2 v2.0.0-beta.4 h1:kvo62he+mkbJPRJ3ob0vZlPUjiy1bbb09orYJ9fXrRM=
github.com/Azure/azure-sdk-for-go/sdk/resourcemanager/securityinsights/armsecurityinsights/v2 v2.0.0-beta.4/go.mod h1:twxqOHxCu1TZQAcOlLvIxQJAQ1UCzh+0I4ilL4inTAg=
github.com/Azure/azure-sdk-for-go/sdk/resourcemanager/sql/armsql v1.2.0 h1:S087deZ0kP1RUg4pU7w9U9xpUedTCbOtz+mnd0+hrkQ=
github.com/Azure/azure-sdk-for-go/sdk/resourcemanager/sql/armsql v1.2.0/go.mod h1:B4cEyXrWBmbfMDAPnpJ1di7MAt5DKP57jPEObAvZChg=
github.com/Azure/azure-sdk-for-go/sdk/resourcemanager/storage/armstorage v1.8.0 h1:LR0kAX9ykz8G4YgLCaRDVJ3+n43R8MneB5dTy2konZo=
github.com/Azure/azure-sdk-for-go/sdk/resourcemanager/storage/armstorage v1.8.0/go.mod h1:DWAciXemNf++PQJLeXUB4HHH5OpsAh12HZnu2wXE1jA=
github.com/Azure/azure-sdk-for-go/sdk/resourcemanager/storagecache/armstoragecache/v4 v4.0.0 h1:VP2jFfEJ71Nb57ETkCBvaRsnkfpVctfj+p6v0DANPbA=
github.com/Azure/azure-sdk-for-go/sdk/resourcemanager/storagecache/armstoragecache/v4 v4.0.0/go.mod h1:Aw86Pv0a+F+o9tE87WfhRb7v1wJlhZV1lrzmmCD3CL0=
github.com/Azure/azure-sdk-for-go/sdk/resourcemanager/storagemover/armstoragemover/v2 v2.2.0 h1:H/KANoPNCIumP6y47CQ8vD1Oz2iem/V+frLhbiNixO8=
github.com/Azure/azure-sdk-for-go/sdk/resourcemanager/storagemover/armstoragemover/v2 v2.2.0/go.mod h1:KtVe1NaTiHWR9OqlZz3oSs6rFwYVzm7hTAE5DJtjCWk=
github.com/Azure/azure-sdk-for-go/sdk/resourcemanager/storagepool/armstoragepool v1.2.0 h1:MK3nxxYFtJBW1JLl721V6bVvU3WzAGWVQF49eT7qPDo=
github.com/Azure/azure-sdk-for-go/sdk/resourcemanager/storagepool/armstoragepool v1.2.0/go.mod h1:rDzquvMnukruAUAPk0UEcKyTvmFUMqYQcO+IrdHNu5Q=
github.com/Azure/azure-sdk-for-go/sdk/resourcemanager/streamanalytics/armstreamanalytics v1.2.0 h1:8ehl8bxzEJYOaYZkND13b0j+wuTrkkYo3n4jztCMTuc=
github.com/Azure/azure-sdk-for-go/sdk/resourcemanager/streamanalytics/armstreamanalytics v1.2.0/go.mod h1:yJZJkwBRvEBFS8xdvkbq+p1xTXv8JsnDat+k1Ldrubc=
github.com/Azure/azure-sdk-for-go/sdk/resourcemanager/synapse/armsynapse v0.8.0 h1:IKCilT2DdxjeCXhiCIZb5hywpA1KDGKwpdA1WL20wT0=
github.com/Azure/azure-sdk-for-go/sdk/resourcemanager/synapse/armsynapse v0.8.0/go.mod h1:IzuvA34YNVnlifc1+KhCouAKEf1VYzV439FOpyfTHzA=
github.com/Azure/azure-sdk-for-go/sdk/resourcemanager/timeseriesinsights/armtimeseriesinsights v1.2.0 h1:V6YgkjOvo3b3yTvEL4sHJxkDcBZAL7v1/XaBkTKIivg=
github.com/Azure/azure-sdk-for-go/sdk/resourcemanager/timeseriesinsights/armtimeseriesinsights v1.2.0/go.mod h1:ewCONYPXv4ihgs+VFiJBHXRXjVB1xrxk2qsX+ZHlCnE=
github.com/Azure/azure-sdk-for-go/sdk/resourcemanager/webpubsub/armwebpubsub v1.3.0 h1:NyzzELDBMwCl+jHnUAEzv/4t9tp0vVn78vUou/7yqvM=
github.com/Azure/azure-sdk-for-go/sdk/resourcemanager/webpubsub/armwebpubsub v1.3.0/go.mod h1:3cqAZX7JxhdbywHK3b1iaO/VcP9Kv+yvZ/s44EO2+LI=
github.com/Azure/azure-sdk-for-go/sdk/resourcemanager/workloads/armworkloads v1.1.0 h1:kW9b3n/hV4/JgghAPinYHolJtocM/gPNCaeuqLqXzpc=
github.com/Azure/azure-sdk-for-go/sdk/resourcemanager/workloads/armworkloads v1.1.0/go.mod h1:G2hOQegwo7b7uqWaKRfqt6GG3x/eOnUA3qhT49fQRwA=
github.com/AzureAD/microsoft-authentication-extensions-for-go/cache v0.1.1 h1:WJTmL004Abzc5wDB5VtZG2PJk5ndYDgVacGqfirKxjM=
github.com/AzureAD/microsoft-authentication-extensions-for-go/cache v0.1.1/go.mod h1:tCcJZ0uHAmvjsVYzEFivsRTN00oz5BEsRgQHu5JZ9WE=
github.com/AzureAD/microsoft-authentication-library-for-go v1.4.2 h1:oygO0locgZJe7PpYPXT5A29ZkwJaPqcva7BVeemZOZs=
github.com/AzureAD/microsoft-authentication-library-for-go v1.4.2/go.mod h1:wP83P5OoQ5p6ip3ScPr0BAq0BvuPAvacpEuSzyouqAI=
github.com/agext/levenshtein v1.2.1 h1:QmvMAjj2aEICytGiWzmxoE0x2KZvE0fvmqMOfy2tjT8=
github.com/agext/levenshtein v1.2.1/go.mod h1:JEDfjyjHDjOF/1e4FlBE/PkbqA9OfWu2ki2W0IB5558=
github.com/apparentlymart/go-textseg/v13 v13.0.0 h1:Y+KvPE1NYz0xl601PVImeQfFyEy6iT90AvPUL1NNfNw=
github.com/apparentlymart/go-textseg/v13 v13.0.0/go.mod h1:ZK2fH7c4NqDTLtiYLvIkEghdlcqw7yxLeM89kiTRPUo=
github.com/cespare/xxhash/v2 v2.3.0 h1:UL815xU9SqsFlibzuggzjXhog7bL6oX9BbNZnL2UFvs=
github.com/cespare/xxhash/v2 v2.3.0/go.mod h1:VGX0DQ3Q6kWi7AoAeZDth3/j3BFtOZR5XLFGgcrjCOs=
github.com/cpuguy83/go-md2man/v2 v2.0.7 h1:zbFlGlXEAKlwXpmvle3d8Oe3YnkKIK4xSRTd3sHPnBo=
github.com/cpuguy83/go-md2man/v2 v2.0.7/go.mod h1:oOW0eioCTA6cOiMLiUPZOpcVxMig6NIQQ7OS05n1F4g=
github.com/davecgh/go-spew v1.1.1 h1:vj9j/u1bqnvCEfJOwUhtlOARqs3+rkHYY13jYWTU97c=
github.com/davecgh/go-spew v1.1.1/go.mod h1:J7Y8YcW2NihsgmVo/mv3lAwl/skON4iLHjSsI+c5H38=
github.com/dgryski/go-rendezvous v0.0.0-20200823014737-9f7001d12a5f h1:lO4WD4F/rVNCu3HqELle0jiPLLBs70cWOduZpkS1E78=
github.com/dgryski/go-rendezvous v0.0.0-20200823014737-9f7001d12a5f/go.mod h1:cuUVRXasLTGF7a8hSLbxyZXjz+1KgoB3wDUb6vlszIc=
github.com/go-test/deep v1.0.3 h1:ZrJSEWsXzPOxaZnFteGEfooLba+ju3FYIbOrS+rQd68=
github.com/go-test/deep v1.0.3/go.mod h1:wGDj63lr65AM2AQyKZd/NYHGb0R+1RLqB8NKt3aSFNA=
github.com/golang-jwt/jwt/v5 v5.2.2 h1:Rl4B7itRWVtYIHFrSNd7vhTiz9UpLdi6gZhZ3wEeDy8=
github.com/golang-jwt/jwt/v5 v5.2.2/go.mod h1:pqrtFR0X4osieyHYxtmOUWsAWrfe1Q5UVIyoH402zdk=
github.com/google/go-cmp v0.3.1 h1:Xye71clBPdm5HgqGwUkwhbynsUJZhDbS20FvLhQ2izg=
github.com/google/go-cmp v0.3.1/go.mod h1:8QqcDgzrUqlUb/G2PQTWiueGozuR1884gddMywk6iLU=
github.com/google/uuid v1.6.0 h1:NIvaJDMOsjHA8n1jAhLSgzrAzy1Hgr+hNrb57e+94F0=
github.com/google/uuid v1.6.0/go.mod h1:TIyPZe4MgqvfeYDBFedMoGGpEw/LqOeaOT+nhxU+yHo=
github.com/hashicorp/hcl/v2 v2.17.0 h1:z1XvSUyXd1HP10U4lrLg5e0JMVz6CPaJvAgxM0KNZVY=
github.com/hashicorp/hcl/v2 v2.17.0/go.mod h1:gJyW2PTShkJqQBKpAmPO3yxMxIuoXkOF2TpqXzrQyx4=
github.com/keybase/go-keychain v0.0.1 h1:way+bWYa6lDppZoZcgMbYsvC7GxljxrskdNInRtuthU=
github.com/keybase/go-keychain v0.0.1/go.mod h1:PdEILRW3i9D8JcdM+FmY6RwkHGnhHxXwkPPMeUgOK1k=
github.com/kr/pretty v0.3.1 h1:flRD4NNwYAUpkphVc1HcthR4KEIFJ65n8Mw5qdRn3LE=
github.com/kr/pretty v0.3.1/go.mod h1:hoEshYVHaxMs3cyo3Yncou5ZscifuDolrwPKZanG3xk=
github.com/kr/text v0.2.0 h1:5Nx0Ya0ZqY2ygV366QzturHI13Jq95ApcVaJBhpS+AY=
github.com/kr/text v0.2.0/go.mod h1:eLer722TekiGuMkidMxC/pM04lWEeraHUUmBw8l2grE=
github.com/kylelemons/godebug v1.1.0 h1:RPNrshWIDI6G2gRW9EHilWtl7Z6Sb1BR0xunSBf0SNc=
github.com/kylelemons/godebug v1.1.0/go.mod h1:9/0rRGxNHcop5bhtWyNeEfOS8JIWk580+fNqagV/RAw=
github.com/magodo/armid v0.0.0-20240524082432-7ce06ae46c33 h1:KmQ16pNsI7DaELU+CbqZKXVdvkE/YXqMH6LLkp6rw/Y=
github.com/magodo/armid v0.0.0-20240524082432-7ce06ae46c33/go.mod h1:rR8E7zfGMbmfnSQvrkFiWYdhrfTqsVSltelnZB09BwA=
github.com/mitchellh/go-wordwrap v0.0.0-20150314170334-ad45545899c7 h1:DpOJ2HYzCv8LZP15IdmG+YdwD2luVPHITV96TkirNBM=
github.com/mitchellh/go-wordwrap v0.0.0-20150314170334-ad45545899c7/go.mod h1:ZXFpozHsX6DPmq2I0TCekCxypsnAUbP2oI0UX1GXzOo=
github.com/pkg/browser v0.0.0-20240102092130-5ac0b6a4141c h1:+mdjkGKdHQG3305AYmdv1U2eRNDiU2ErMBj1gwrq8eQ=
github.com/pkg/browser v0.0.0-20240102092130-5ac0b6a4141c/go.mod h1:7rwL4CYBLnjLxUqIJNnCWiEdr3bn6IUYi15bNlnbCCU=
github.com/pmezard/go-difflib v1.0.0 h1:4DBwDE0NGyQoBHbLQYPwSUPoCMWR5BEzIk/f1lZbAQM=
github.com/pmezard/go-difflib v1.0.0/go.mod h1:iKH77koFhYxTK1pcRnkKkqfTogsbg7gZNVY4sRDYZ/4=
github.com/redis/go-redis/v9 v9.7.3 h1:YpPyAayJV+XErNsatSElgRZZVCwXX9QzkKYNvO7x0wM=
github.com/redis/go-redis/v9 v9.7.3/go.mod h1:bGUrSggJ9X9GUmZpZNEOQKaANxSGgOEBRltRTZHSvrA=
github.com/rogpeppe/go-internal v1.12.0 h1:exVL4IDcn6na9z1rAb56Vxr+CgyK3nn3O+epU5NdKM8=
github.com/rogpeppe/go-internal v1.12.0/go.mod h1:E+RYuTGaKKdloAfM02xzb0FW3Paa99yedzYV+kq4uf4=
github.com/russross/blackfriday/v2 v2.1.0 h1:JIOH55/0cWyOuilr9/qlrm0BSXldqnqwMsf35Ld67mk=
github.com/russross/blackfriday/v2 v2.1.0/go.mod h1:+Rmxgy9KzJVeS9/2gXHxylqXiyQDYRxCVz55jmeOWTM=
github.com/sergi/go-diff v1.0.0 h1:Kpca3qRNrduNnOQeazBd0ysaKrUJiIuISHxogkT9RPQ=
github.com/sergi/go-diff v1.0.0/go.mod h1:0CfEIISq7TuYL3j771MWULgwwjU+GofnZX9QAmXWZgo=
github.com/stretchr/testify v1.10.0 h1:Xv5erBjTwe/5IxqUQTdXv5kgmIvbHo3QQyRwhJsOfJA=
github.com/stretchr/testify v1.10.0/go.mod h1:r2ic/lqez/lEtzL7wO/rwa5dbSLXVDPFyf8C91i36aY=
github.com/urfave/cli/v2 v2.27.6 h1:VdRdS98FNhKZ8/Az8B7MTyGQmpIr36O1EHybx/LaZ4g=
github.com/urfave/cli/v2 v2.27.6/go.mod h1:3Sevf16NykTbInEnD0yKkjDAeZDS0A6bzhBH5hrMvTQ=
github.com/xrash/smetrics v0.0.0-20240521201337-686a1a2994c1 h1:gEOO8jv9F4OT7lGCjxCBTO/36wtF6j2nSip77qHd4x4=
github.com/xrash/smetrics v0.0.0-20240521201337-686a1a2994c1/go.mod h1:Ohn+xnUBiLI6FVj/9LpzZWtj1/D6lUovWYBkxHVV3aM=
github.com/zclconf/go-cty v1.13.0 h1:It5dfKTTZHe9aeppbNOda3mN7Ag7sg6QkBNm6TkyFa0=
github.com/zclconf/go-cty v1.13.0/go.mod h1:YKQzy/7pZ7iq2jNFzy5go57xdxdWoLLpaEp4u238AE0=
golang.org/x/crypto v0.37.0 h1:kJNSjF/Xp7kU0iB2Z+9viTPMW4EqqsrywMXLJOOsXSE=
golang.org/x/crypto v0.37.0/go.mod h1:vg+k43peMZ0pUMhYmVAWysMK35e6ioLh3wB8ZCAfbVc=
golang.org/x/net v0.39.0 h1:ZCu7HMWDxpXpaiKdhzIfaltL9Lp31x/3fCP11bc6/fY=
golang.org/x/net v0.39.0/go.mod h1:X7NRbYVEA+ewNkCNyJ513WmMdQ3BineSwVtN2zD/d+E=
golang.org/x/sys v0.1.0/go.mod h1:oPkhp1MJrh7nUepCBck5+mAzfO9JrbApNNgaTdGDITg=
golang.org/x/sys v0.32.0 h1:s77OFDvIQeibCmezSnk/q6iAfkdiQaJi4VzroCFrN20=
golang.org/x/sys v0.32.0/go.mod h1:BJP2sWEmIv4KK5OTEluFJCKSidICx8ciO85XgH3Ak8k=
golang.org/x/text v0.24.0 h1:dd5Bzh4yt5KYA8f9CJHCP4FB4D51c2c6JvN37xJJkJ0=
golang.org/x/text v0.24.0/go.mod h1:L8rBsPeo2pSS+xqN0d5u2ikmjtmoJbDBT1b7nHvFCdU=
gopkg.in/check.v1 v0.0.0-20161208181325-20d25e280405/go.mod h1:Co6ibVJAznAaIkqp8huTwlJQCZ016jof/cbN4VW5Yz0=
gopkg.in/check.v1 v1.0.0-20201130134442-10cb98267c6c h1:Hei/4ADfdWqJk1ZMxUNpqntNwaWcugrBjAiHlqqRiVk=
gopkg.in/check.v1 v1.0.0-20201130134442-10cb98267c6c/go.mod h1:JHkPIbrfpd72SG/EVd6muEfDQjcINNoR0C8j2r3qZ4Q=
gopkg.in/yaml.v3 v3.0.1 h1:fxVm/GzAzEWqLHuvctI91KS9hhNmmWOoWu0XTYJS7CA=
gopkg.in/yaml.v3 v3.0.1/go.mod h1:K4uyk7z7BCEPqu6E+C64Yfv1cQ7kz7rIZviUmN+EgEM=
